
Microsoft Visual Studio Solution File, Format Version 12.00
# Visual Studio Version 17
VisualStudioVersion = 17.11.35312.102
MinimumVisualStudioVersion = 10.0.40219.1
Project("{FAE04EC0-301F-11D3-BF4B-00C04F79EFBC}") = "5", "5\5.csproj", "{9AFC9764-830B-483E-841E-7B91D0744BC3}"
EndProject
Global
	GlobalSection(SolutionConfigurationPlatforms) = preSolution
		Debug|Any CPU = Debug|Any CPU
		Release|Any CPU = Release|Any CPU
	EndGlobalSection
	GlobalSection(ProjectConfigurationPlatforms) = postSolution
		{9AFC9764-830B-483E-841E-7B91D0744BC3}.Debug|Any CPU.ActiveCfg = Debug|Any CPU
		{9AFC9764-830B-483E-841E-7B91D0744BC3}.Debug|Any CPU.Build.0 = Debug|Any CPU
		{9AFC9764-830B-483E-841E-7B91D0744BC3}.Release|Any CPU.ActiveCfg = Release|Any CPU
		{9AFC9764-830B-483E-841E-7B91D0744BC3}.Release|Any CPU.Build.0 = Release|Any CPU
	EndGlobalSection
	GlobalSection(SolutionProperties) = preSolution
		HideSolutionNode = FALSE
	EndGlobalSection
	GlobalSection(ExtensibilityGlobals) = postSolution
		SolutionGuid = {F1F9D7EC-10E2-4A17-A75F-1F04EC703ECD}
	EndGlobalSection
EndGlobal
